
Microsoft Visual Studio Solution File, Format Version 12.00
# Visual Studio Version 17
VisualStudioVersion = 17.7.34024.191
MinimumVisualStudioVersion = 10.0.40219.1
Project("{FAE04EC0-301F-11D3-BF4B-00C04F79EFBC}") = "stream", "stream\stream.csproj", "{B3724C49-A6CD-491D-BD59-842F458B95F3}"
EndProject
Global
	GlobalSection(SolutionConfigurationPlatforms) = preSolution
		Debug|Any CPU = Debug|Any CPU
		Release|Any CPU = Release|Any CPU
	EndGlobalSection
	GlobalSection(ProjectConfigurationPlatforms) = postSolution
		{B3724C49-A6CD-491D-BD59-842F458B95F3}.Debug|Any CPU.ActiveCfg = Debug|Any CPU
		{B3724C49-A6CD-491D-BD59-842F458B95F3}.Debug|Any CPU.Build.0 = Debug|Any CPU
		{B3724C49-A6CD-491D-BD59-842F458B95F3}.Release|Any CPU.ActiveCfg = Release|Any CPU
		{B3724C49-A6CD-491D-BD59-842F458B95F3}.Release|Any CPU.Build.0 = Release|Any CPU
	EndGlobalSection
	GlobalSection(SolutionProperties) = preSolution
		HideSolutionNode = FALSE
	EndGlobalSection
	GlobalSection(ExtensibilityGlobals) = postSolution
		SolutionGuid = {22761106-23C8-48E9-AE68-8E2AD25D54FD}
	EndGlobalSection
EndGlobal
